
Microsoft Visual Studio Solution File, Format Version 12.00
# Visual Studio Version 17
VisualStudioVersion = 17.1.32407.343
MinimumVisualStudioVersion = 10.0.40219.1
Project("{2150E333-8FDC-42A3-9474-1A3956D46DE8}") = "Solution Items", "Solution Items", "{8100D383-C003-427C-8BCB-94B17A079992}"
	ProjectSection(SolutionItems) = preProject
		.editorconfig = .editorconfig
	EndProjectSection
EndProject
Project("{FAE04EC0-301F-11D3-BF4B-00C04F79EFBC}") = "Books", "Books\Books.csproj", "{A67D0A8D-9141-42E4-A34D-9924F217070C}"
EndProject
Global
	GlobalSection(SolutionConfigurationPlatforms) = preSolution
		Debug|Any CPU = Debug|Any CPU
		Release|Any CPU = Release|Any CPU
	EndGlobalSection
	GlobalSection(ProjectConfigurationPlatforms) = postSolution
		{A67D0A8D-9141-42E4-A34D-9924F217070C}.Debug|Any CPU.ActiveCfg = Debug|Any CPU
		{A67D0A8D-9141-42E4-A34D-9924F217070C}.Debug|Any CPU.Build.0 = Debug|Any CPU
		{A67D0A8D-9141-42E4-A34D-9924F217070C}.Release|Any CPU.ActiveCfg = Release|Any CPU
		{A67D0A8D-9141-42E4-A34D-9924F217070C}.Release|Any CPU.Build.0 = Release|Any CPU
	EndGlobalSection
	GlobalSection(SolutionProperties) = preSolution
		HideSolutionNode = FALSE
	EndGlobalSection
	GlobalSection(ExtensibilityGlobals) = postSolution
		SolutionGuid = {8AC82764-16C2-4B2E-BF42-9E9473DC246F}
	EndGlobalSection
EndGlobal
